
Microsoft Visual Studio Solution File, Format Version 12.00
# Visual Studio Version 16
VisualStudioVersion = 16.0.29326.143
MinimumVisualStudioVersion = 10.0.40219.1
Project("{2150E333-8FDC-42A3-9474-1A3956D46DE8}") = "Solution Items", "Solution Items", "{F02EE705-CFAC-412E-B763-748CBE8C8BE6}"
	ProjectSection(SolutionItems) = preProject
		pr1.txt = pr1.txt
		pr2.txt = pr2.txt
		pr3.txt = pr3.txt
		pr4.txt = pr4.txt
	EndProjectSection
EndProject
Global
	GlobalSection(SolutionProperties) = preSolution
		HideSolutionNode = FALSE
	EndGlobalSection
	GlobalSection(ExtensibilityGlobals) = postSolution
		SolutionGuid = {2EA37313-AD3D-46C6-A2AF-5381F49DD6E0}
	EndGlobalSection
EndGlobal
